
Microsoft Visual Studio Solution File, Format Version 12.00
# Visual Studio Version 17
VisualStudioVersion = 17.4.33122.133
MinimumVisualStudioVersion = 10.0.40219.1
Project("{FAE04EC0-301F-11D3-BF4B-00C04F79EFBC}") = "BlazorLiveDemoNet.Server", "BlazorLiveDemoNet\Server\BlazorLiveDemoNet.Server.csproj", "{096C18FB-0711-43CF-A457-2A4645F3A996}"
EndProject
Project("{FAE04EC0-301F-11D3-BF4B-00C04F79EFBC}") = "BlazorLiveDemoNet.Client", "BlazorLiveDemoNet\Client\BlazorLiveDemoNet.Client.csproj", "{6EDBE979-DFF7-4E54-ADC0-E23DC56480C5}"
EndProject
Project("{FAE04EC0-301F-11D3-BF4B-00C04F79EFBC}") = "BlazorLiveDemoNet.Shared", "BlazorLiveDemoNet\Shared\BlazorLiveDemoNet.Shared.csproj", "{C7212FD4-2B89-43C1-8E7A-93AF0A2C3BE1}"
EndProject
Global
	GlobalSection(SolutionConfigurationPlatforms) = preSolution
		Debug|Any CPU = Debug|Any CPU
		Release|Any CPU = Release|Any CPU
	EndGlobalSection
	GlobalSection(ProjectConfigurationPlatforms) = postSolution
		{096C18FB-0711-43CF-A457-2A4645F3A996}.Debug|Any CPU.ActiveCfg = Debug|Any CPU
		{096C18FB-0711-43CF-A457-2A4645F3A996}.Debug|Any CPU.Build.0 = Debug|Any CPU
		{096C18FB-0711-43CF-A457-2A4645F3A996}.Release|Any CPU.ActiveCfg = Release|Any CPU
		{096C18FB-0711-43CF-A457-2A4645F3A996}.Release|Any CPU.Build.0 = Release|Any CPU
		{6EDBE979-DFF7-4E54-ADC0-E23DC56480C5}.Debug|Any CPU.ActiveCfg = Debug|Any CPU
		{6EDBE979-DFF7-4E54-ADC0-E23DC56480C5}.Debug|Any CPU.Build.0 = Debug|Any CPU
		{6EDBE979-DFF7-4E54-ADC0-E23DC56480C5}.Release|Any CPU.ActiveCfg = Release|Any CPU
		{6EDBE979-DFF7-4E54-ADC0-E23DC56480C5}.Release|Any CPU.Build.0 = Release|Any CPU
		{C7212FD4-2B89-43C1-8E7A-93AF0A2C3BE1}.Debug|Any CPU.ActiveCfg = Debug|Any CPU
		{C7212FD4-2B89-43C1-8E7A-93AF0A2C3BE1}.Debug|Any CPU.Build.0 = Debug|Any CPU
		{C7212FD4-2B89-43C1-8E7A-93AF0A2C3BE1}.Release|Any CPU.ActiveCfg = Release|Any CPU
		{C7212FD4-2B89-43C1-8E7A-93AF0A2C3BE1}.Release|Any CPU.Build.0 = Release|Any CPU
	EndGlobalSection
	GlobalSection(SolutionProperties) = preSolution
		HideSolutionNode = FALSE
	EndGlobalSection
	GlobalSection(ExtensibilityGlobals) = postSolution
		SolutionGuid = {F1CD154B-5E45-4B3D-AA57-E63C29DBB900}
	EndGlobalSection
EndGlobal
